
Microsoft Visual Studio Solution File, Format Version 12.00
# Visual Studio Version 16
VisualStudioVersion = 16.0.29613.14
MinimumVisualStudioVersion = 10.0.40219.1
Project("{9A19103F-16F7-4668-BE54-9A1E7A4F7556}") = "FluencyMath", "FluencyMath.csproj", "{BAA6E83A-11FB-49E9-AA4F-03C5115DF80F}"
EndProject
Project("{9A19103F-16F7-4668-BE54-9A1E7A4F7556}") = "FluencyMathLib", "..\FluencyMathLib\FluencyMathLib.csproj", "{1DEEB0C7-45AF-4539-9A69-2610FAEC90EF}"
EndProject
Project("{9A19103F-16F7-4668-BE54-9A1E7A4F7556}") = "FluencyMathTests", "..\FluencyMathTests\FluencyMathTests.csproj", "{38B46FFB-11A0-4138-B5B3-F8F4CCBE0646}"
EndProject
Global
	GlobalSection(SolutionConfigurationPlatforms) = preSolution
		Debug|Any CPU = Debug|Any CPU
		Release|Any CPU = Release|Any CPU
	EndGlobalSection
	GlobalSection(ProjectConfigurationPlatforms) = postSolution
		{BAA6E83A-11FB-49E9-AA4F-03C5115DF80F}.Debug|Any CPU.ActiveCfg = Debug|Any CPU
		{BAA6E83A-11FB-49E9-AA4F-03C5115DF80F}.Debug|Any CPU.Build.0 = Debug|Any CPU
		{BAA6E83A-11FB-49E9-AA4F-03C5115DF80F}.Release|Any CPU.ActiveCfg = Release|Any CPU
		{BAA6E83A-11FB-49E9-AA4F-03C5115DF80F}.Release|Any CPU.Build.0 = Release|Any CPU
		{1DEEB0C7-45AF-4539-9A69-2610FAEC90EF}.Debug|Any CPU.ActiveCfg = Debug|Any CPU
		{1DEEB0C7-45AF-4539-9A69-2610FAEC90EF}.Debug|Any CPU.Build.0 = Debug|Any CPU
		{1DEEB0C7-45AF-4539-9A69-2610FAEC90EF}.Release|Any CPU.ActiveCfg = Release|Any CPU
		{1DEEB0C7-45AF-4539-9A69-2610FAEC90EF}.Release|Any CPU.Build.0 = Release|Any CPU
		{38B46FFB-11A0-4138-B5B3-F8F4CCBE0646}.Debug|Any CPU.ActiveCfg = Debug|Any CPU
		{38B46FFB-11A0-4138-B5B3-F8F4CCBE0646}.Debug|Any CPU.Build.0 = Debug|Any CPU
		{38B46FFB-11A0-4138-B5B3-F8F4CCBE0646}.Release|Any CPU.ActiveCfg = Release|Any CPU
		{38B46FFB-11A0-4138-B5B3-F8F4CCBE0646}.Release|Any CPU.Build.0 = Release|Any CPU
	EndGlobalSection
	GlobalSection(SolutionProperties) = preSolution
		HideSolutionNode = FALSE
	EndGlobalSection
	GlobalSection(ExtensibilityGlobals) = postSolution
		SolutionGuid = {97BD96FA-E535-40C9-9C60-93C9AA57A005}
	EndGlobalSection
EndGlobal
