
Microsoft Visual Studio Solution File, Format Version 12.00
# Visual Studio Version 16
VisualStudioVersion = 16.0.29613.14
MinimumVisualStudioVersion = 10.0.40219.1
Project("{9A19103F-16F7-4668-BE54-9A1E7A4F7556}") = "FluencyMath", "FluencyMath\FluencyMath.csproj", "{FC71C185-AB59-4DA3-B3E3-DA1992859E62}"
EndProject
Project("{9A19103F-16F7-4668-BE54-9A1E7A4F7556}") = "FluencyMathConsole", "FluencyMathConsole\FluencyMathConsole.csproj", "{9F1442BF-A52D-4B2B-9567-5D7110637277}"
EndProject
Project("{9A19103F-16F7-4668-BE54-9A1E7A4F7556}") = "FluencyMathLib", "FluencyMathLib\FluencyMathLib.csproj", "{5E3B3ECB-7543-4F6E-A66D-695BF1EE0722}"
EndProject
Project("{9A19103F-16F7-4668-BE54-9A1E7A4F7556}") = "FluencyMathService", "FluencyMathService\FluencyMathService.csproj", "{52073EBE-D219-4B3B-BB6D-69C3A475524F}"
EndProject
Project("{9A19103F-16F7-4668-BE54-9A1E7A4F7556}") = "FluencyMathTests", "FluencyMathTests\FluencyMathTests.csproj", "{AAF7A01B-569A-4FB9-A810-EE0C524CB12C}"
EndProject
Global
	GlobalSection(SolutionConfigurationPlatforms) = preSolution
		Debug|Any CPU = Debug|Any CPU
		Release|Any CPU = Release|Any CPU
	EndGlobalSection
	GlobalSection(ProjectConfigurationPlatforms) = postSolution
		{FC71C185-AB59-4DA3-B3E3-DA1992859E62}.Debug|Any CPU.ActiveCfg = Debug|Any CPU
		{FC71C185-AB59-4DA3-B3E3-DA1992859E62}.Debug|Any CPU.Build.0 = Debug|Any CPU
		{FC71C185-AB59-4DA3-B3E3-DA1992859E62}.Release|Any CPU.ActiveCfg = Release|Any CPU
		{FC71C185-AB59-4DA3-B3E3-DA1992859E62}.Release|Any CPU.Build.0 = Release|Any CPU
		{9F1442BF-A52D-4B2B-9567-5D7110637277}.Debug|Any CPU.ActiveCfg = Debug|Any CPU
		{9F1442BF-A52D-4B2B-9567-5D7110637277}.Debug|Any CPU.Build.0 = Debug|Any CPU
		{9F1442BF-A52D-4B2B-9567-5D7110637277}.Release|Any CPU.ActiveCfg = Release|Any CPU
		{9F1442BF-A52D-4B2B-9567-5D7110637277}.Release|Any CPU.Build.0 = Release|Any CPU
		{5E3B3ECB-7543-4F6E-A66D-695BF1EE0722}.Debug|Any CPU.ActiveCfg = Debug|Any CPU
		{5E3B3ECB-7543-4F6E-A66D-695BF1EE0722}.Debug|Any CPU.Build.0 = Debug|Any CPU
		{5E3B3ECB-7543-4F6E-A66D-695BF1EE0722}.Release|Any CPU.ActiveCfg = Release|Any CPU
		{5E3B3ECB-7543-4F6E-A66D-695BF1EE0722}.Release|Any CPU.Build.0 = Release|Any CPU
		{52073EBE-D219-4B3B-BB6D-69C3A475524F}.Debug|Any CPU.ActiveCfg = Debug|Any CPU
		{52073EBE-D219-4B3B-BB6D-69C3A475524F}.Debug|Any CPU.Build.0 = Debug|Any CPU
		{52073EBE-D219-4B3B-BB6D-69C3A475524F}.Release|Any CPU.ActiveCfg = Release|Any CPU
		{52073EBE-D219-4B3B-BB6D-69C3A475524F}.Release|Any CPU.Build.0 = Release|Any CPU
		{AAF7A01B-569A-4FB9-A810-EE0C524CB12C}.Debug|Any CPU.ActiveCfg = Debug|Any CPU
		{AAF7A01B-569A-4FB9-A810-EE0C524CB12C}.Debug|Any CPU.Build.0 = Debug|Any CPU
		{AAF7A01B-569A-4FB9-A810-EE0C524CB12C}.Release|Any CPU.ActiveCfg = Release|Any CPU
		{AAF7A01B-569A-4FB9-A810-EE0C524CB12C}.Release|Any CPU.Build.0 = Release|Any CPU
	EndGlobalSection
	GlobalSection(SolutionProperties) = preSolution
		HideSolutionNode = FALSE
	EndGlobalSection
	GlobalSection(ExtensibilityGlobals) = postSolution
		SolutionGuid = {97BD96FA-E535-40C9-9C60-93C9AA57A005}
	EndGlobalSection
EndGlobal
