
Microsoft Visual Studio Solution File, Format Version 12.00
# Visual Studio Version 16
VisualStudioVersion = 16.0.29613.14
MinimumVisualStudioVersion = 10.0.40219.1
Project("{9A19103F-16F7-4668-BE54-9A1E7A4F7556}") = "FluencyMath", "FluencyMath\FluencyMath.csproj", "{FC71C185-AB59-4DA3-B3E3-DA1992859E62}"
EndProject
Project("{9A19103F-16F7-4668-BE54-9A1E7A4F7556}") = "FluencyMathConsole", "FluencyMathConsole\FluencyMathConsole.csproj", "{9F1442BF-A52D-4B2B-9567-5D7110637277}"
EndProject
Project("{9A19103F-16F7-4668-BE54-9A1E7A4F7556}") = "FluencyMathLib", "FluencyMathLib\FluencyMathLib.csproj", "{5E3B3ECB-7543-4F6E-A66D-695BF1EE0722}"
EndProject
Project("{9A19103F-16F7-4668-BE54-9A1E7A4F7556}") = "FluencyMathService", "FluencyMathService\FluencyMathService.csproj", "{52073EBE-D219-4B3B-BB6D-69C3A475524F}"
EndProject
Project("{9A19103F-16F7-4668-BE54-9A1E7A4F7556}") = "FluencyMathTests", "FluencyMathTests\FluencyMathTests.csproj", "{AAF7A01B-569A-4FB9-A810-EE0C524CB12C}"
EndProject
Project("{9A19103F-16F7-4668-BE54-9A1E7A4F7556}") = "FluencyMathWebApp", "FluencyMathWebApp\FluencyMathWebApp.csproj", "{2EC08B48-9B70-408D-A041-4FB290CF475C}"
EndProject
Project("{FAE04EC0-301F-11D3-BF4B-00C04F79EFBC}") = "FluencyMobileApp.Android", "FluencyMobileApp\FluencyMobileApp.Android\FluencyMobileApp.Android.csproj", "{5AABC4DA-645D-41F2-BDC4-399F138B3A02}"
EndProject
Project("{FAE04EC0-301F-11D3-BF4B-00C04F79EFBC}") = "FluencyMobileApp.iOS", "FluencyMobileApp\FluencyMobileApp.iOS\FluencyMobileApp.iOS.csproj", "{D1EFB840-5125-4C4B-9F51-C902CFF662C8}"
EndProject
Project("{FAE04EC0-301F-11D3-BF4B-00C04F79EFBC}") = "FluencyMobileApp", "FluencyMobileApp\FluencyMobileApp\FluencyMobileApp.csproj", "{10AF878E-5963-477A-9FB0-0668FC01391D}"
EndProject
Global
	GlobalSection(SolutionConfigurationPlatforms) = preSolution
		Debug|Any CPU = Debug|Any CPU
		Debug|iPhone = Debug|iPhone
		Debug|iPhoneSimulator = Debug|iPhoneSimulator
		Release|Any CPU = Release|Any CPU
		Release|iPhone = Release|iPhone
		Release|iPhoneSimulator = Release|iPhoneSimulator
	EndGlobalSection
	GlobalSection(ProjectConfigurationPlatforms) = postSolution
		{FC71C185-AB59-4DA3-B3E3-DA1992859E62}.Debug|Any CPU.ActiveCfg = Debug|Any CPU
		{FC71C185-AB59-4DA3-B3E3-DA1992859E62}.Debug|Any CPU.Build.0 = Debug|Any CPU
		{FC71C185-AB59-4DA3-B3E3-DA1992859E62}.Debug|iPhone.ActiveCfg = Debug|Any CPU
		{FC71C185-AB59-4DA3-B3E3-DA1992859E62}.Debug|iPhone.Build.0 = Debug|Any CPU
		{FC71C185-AB59-4DA3-B3E3-DA1992859E62}.Debug|iPhoneSimulator.ActiveCfg = Debug|Any CPU
		{FC71C185-AB59-4DA3-B3E3-DA1992859E62}.Debug|iPhoneSimulator.Build.0 = Debug|Any CPU
		{FC71C185-AB59-4DA3-B3E3-DA1992859E62}.Release|Any CPU.ActiveCfg = Release|Any CPU
		{FC71C185-AB59-4DA3-B3E3-DA1992859E62}.Release|Any CPU.Build.0 = Release|Any CPU
		{FC71C185-AB59-4DA3-B3E3-DA1992859E62}.Release|iPhone.ActiveCfg = Release|Any CPU
		{FC71C185-AB59-4DA3-B3E3-DA1992859E62}.Release|iPhone.Build.0 = Release|Any CPU
		{FC71C185-AB59-4DA3-B3E3-DA1992859E62}.Release|iPhoneSimulator.ActiveCfg = Release|Any CPU
		{FC71C185-AB59-4DA3-B3E3-DA1992859E62}.Release|iPhoneSimulator.Build.0 = Release|Any CPU
		{9F1442BF-A52D-4B2B-9567-5D7110637277}.Debug|Any CPU.ActiveCfg = Debug|Any CPU
		{9F1442BF-A52D-4B2B-9567-5D7110637277}.Debug|Any CPU.Build.0 = Debug|Any CPU
		{9F1442BF-A52D-4B2B-9567-5D7110637277}.Debug|iPhone.ActiveCfg = Debug|Any CPU
		{9F1442BF-A52D-4B2B-9567-5D7110637277}.Debug|iPhone.Build.0 = Debug|Any CPU
		{9F1442BF-A52D-4B2B-9567-5D7110637277}.Debug|iPhoneSimulator.ActiveCfg = Debug|Any CPU
		{9F1442BF-A52D-4B2B-9567-5D7110637277}.Debug|iPhoneSimulator.Build.0 = Debug|Any CPU
		{9F1442BF-A52D-4B2B-9567-5D7110637277}.Release|Any CPU.ActiveCfg = Release|Any CPU
		{9F1442BF-A52D-4B2B-9567-5D7110637277}.Release|Any CPU.Build.0 = Release|Any CPU
		{9F1442BF-A52D-4B2B-9567-5D7110637277}.Release|iPhone.ActiveCfg = Release|Any CPU
		{9F1442BF-A52D-4B2B-9567-5D7110637277}.Release|iPhone.Build.0 = Release|Any CPU
		{9F1442BF-A52D-4B2B-9567-5D7110637277}.Release|iPhoneSimulator.ActiveCfg = Release|Any CPU
		{9F1442BF-A52D-4B2B-9567-5D7110637277}.Release|iPhoneSimulator.Build.0 = Release|Any CPU
		{5E3B3ECB-7543-4F6E-A66D-695BF1EE0722}.Debug|Any CPU.ActiveCfg = Debug|Any CPU
		{5E3B3ECB-7543-4F6E-A66D-695BF1EE0722}.Debug|Any CPU.Build.0 = Debug|Any CPU
		{5E3B3ECB-7543-4F6E-A66D-695BF1EE0722}.Debug|iPhone.ActiveCfg = Debug|Any CPU
		{5E3B3ECB-7543-4F6E-A66D-695BF1EE0722}.Debug|iPhone.Build.0 = Debug|Any CPU
		{5E3B3ECB-7543-4F6E-A66D-695BF1EE0722}.Debug|iPhoneSimulator.ActiveCfg = Debug|Any CPU
		{5E3B3ECB-7543-4F6E-A66D-695BF1EE0722}.Debug|iPhoneSimulator.Build.0 = Debug|Any CPU
		{5E3B3ECB-7543-4F6E-A66D-695BF1EE0722}.Release|Any CPU.ActiveCfg = Release|Any CPU
		{5E3B3ECB-7543-4F6E-A66D-695BF1EE0722}.Release|Any CPU.Build.0 = Release|Any CPU
		{5E3B3ECB-7543-4F6E-A66D-695BF1EE0722}.Release|iPhone.ActiveCfg = Release|Any CPU
		{5E3B3ECB-7543-4F6E-A66D-695BF1EE0722}.Release|iPhone.Build.0 = Release|Any CPU
		{5E3B3ECB-7543-4F6E-A66D-695BF1EE0722}.Release|iPhoneSimulator.ActiveCfg = Release|Any CPU
		{5E3B3ECB-7543-4F6E-A66D-695BF1EE0722}.Release|iPhoneSimulator.Build.0 = Release|Any CPU
		{52073EBE-D219-4B3B-BB6D-69C3A475524F}.Debug|Any CPU.ActiveCfg = Debug|Any CPU
		{52073EBE-D219-4B3B-BB6D-69C3A475524F}.Debug|Any CPU.Build.0 = Debug|Any CPU
		{52073EBE-D219-4B3B-BB6D-69C3A475524F}.Debug|iPhone.ActiveCfg = Debug|Any CPU
		{52073EBE-D219-4B3B-BB6D-69C3A475524F}.Debug|iPhone.Build.0 = Debug|Any CPU
		{52073EBE-D219-4B3B-BB6D-69C3A475524F}.Debug|iPhoneSimulator.ActiveCfg = Debug|Any CPU
		{52073EBE-D219-4B3B-BB6D-69C3A475524F}.Debug|iPhoneSimulator.Build.0 = Debug|Any CPU
		{52073EBE-D219-4B3B-BB6D-69C3A475524F}.Release|Any CPU.ActiveCfg = Release|Any CPU
		{52073EBE-D219-4B3B-BB6D-69C3A475524F}.Release|Any CPU.Build.0 = Release|Any CPU
		{52073EBE-D219-4B3B-BB6D-69C3A475524F}.Release|iPhone.ActiveCfg = Release|Any CPU
		{52073EBE-D219-4B3B-BB6D-69C3A475524F}.Release|iPhone.Build.0 = Release|Any CPU
		{52073EBE-D219-4B3B-BB6D-69C3A475524F}.Release|iPhoneSimulator.ActiveCfg = Release|Any CPU
		{52073EBE-D219-4B3B-BB6D-69C3A475524F}.Release|iPhoneSimulator.Build.0 = Release|Any CPU
		{AAF7A01B-569A-4FB9-A810-EE0C524CB12C}.Debug|Any CPU.ActiveCfg = Debug|Any CPU
		{AAF7A01B-569A-4FB9-A810-EE0C524CB12C}.Debug|Any CPU.Build.0 = Debug|Any CPU
		{AAF7A01B-569A-4FB9-A810-EE0C524CB12C}.Debug|iPhone.ActiveCfg = Debug|Any CPU
		{AAF7A01B-569A-4FB9-A810-EE0C524CB12C}.Debug|iPhone.Build.0 = Debug|Any CPU
		{AAF7A01B-569A-4FB9-A810-EE0C524CB12C}.Debug|iPhoneSimulator.ActiveCfg = Debug|Any CPU
		{AAF7A01B-569A-4FB9-A810-EE0C524CB12C}.Debug|iPhoneSimulator.Build.0 = Debug|Any CPU
		{AAF7A01B-569A-4FB9-A810-EE0C524CB12C}.Release|Any CPU.ActiveCfg = Release|Any CPU
		{AAF7A01B-569A-4FB9-A810-EE0C524CB12C}.Release|Any CPU.Build.0 = Release|Any CPU
		{AAF7A01B-569A-4FB9-A810-EE0C524CB12C}.Release|iPhone.ActiveCfg = Release|Any CPU
		{AAF7A01B-569A-4FB9-A810-EE0C524CB12C}.Release|iPhone.Build.0 = Release|Any CPU
		{AAF7A01B-569A-4FB9-A810-EE0C524CB12C}.Release|iPhoneSimulator.ActiveCfg = Release|Any CPU
		{AAF7A01B-569A-4FB9-A810-EE0C524CB12C}.Release|iPhoneSimulator.Build.0 = Release|Any CPU
		{2EC08B48-9B70-408D-A041-4FB290CF475C}.Debug|Any CPU.ActiveCfg = Debug|Any CPU
		{2EC08B48-9B70-408D-A041-4FB290CF475C}.Debug|Any CPU.Build.0 = Debug|Any CPU
		{2EC08B48-9B70-408D-A041-4FB290CF475C}.Debug|iPhone.ActiveCfg = Debug|Any CPU
		{2EC08B48-9B70-408D-A041-4FB290CF475C}.Debug|iPhone.Build.0 = Debug|Any CPU
		{2EC08B48-9B70-408D-A041-4FB290CF475C}.Debug|iPhoneSimulator.ActiveCfg = Debug|Any CPU
		{2EC08B48-9B70-408D-A041-4FB290CF475C}.Debug|iPhoneSimulator.Build.0 = Debug|Any CPU
		{2EC08B48-9B70-408D-A041-4FB290CF475C}.Release|Any CPU.ActiveCfg = Release|Any CPU
		{2EC08B48-9B70-408D-A041-4FB290CF475C}.Release|Any CPU.Build.0 = Release|Any CPU
		{2EC08B48-9B70-408D-A041-4FB290CF475C}.Release|iPhone.ActiveCfg = Release|Any CPU
		{2EC08B48-9B70-408D-A041-4FB290CF475C}.Release|iPhone.Build.0 = Release|Any CPU
		{2EC08B48-9B70-408D-A041-4FB290CF475C}.Release|iPhoneSimulator.ActiveCfg = Release|Any CPU
		{2EC08B48-9B70-408D-A041-4FB290CF475C}.Release|iPhoneSimulator.Build.0 = Release|Any CPU
		{5AABC4DA-645D-41F2-BDC4-399F138B3A02}.Debug|Any CPU.ActiveCfg = Debug|Any CPU
		{5AABC4DA-645D-41F2-BDC4-399F138B3A02}.Debug|Any CPU.Build.0 = Debug|Any CPU
		{5AABC4DA-645D-41F2-BDC4-399F138B3A02}.Debug|Any CPU.Deploy.0 = Debug|Any CPU
		{5AABC4DA-645D-41F2-BDC4-399F138B3A02}.Debug|iPhone.ActiveCfg = Debug|Any CPU
		{5AABC4DA-645D-41F2-BDC4-399F138B3A02}.Debug|iPhone.Build.0 = Debug|Any CPU
		{5AABC4DA-645D-41F2-BDC4-399F138B3A02}.Debug|iPhone.Deploy.0 = Debug|Any CPU
		{5AABC4DA-645D-41F2-BDC4-399F138B3A02}.Debug|iPhoneSimulator.ActiveCfg = Debug|Any CPU
		{5AABC4DA-645D-41F2-BDC4-399F138B3A02}.Debug|iPhoneSimulator.Build.0 = Debug|Any CPU
		{5AABC4DA-645D-41F2-BDC4-399F138B3A02}.Debug|iPhoneSimulator.Deploy.0 = Debug|Any CPU
		{5AABC4DA-645D-41F2-BDC4-399F138B3A02}.Release|Any CPU.ActiveCfg = Release|Any CPU
		{5AABC4DA-645D-41F2-BDC4-399F138B3A02}.Release|Any CPU.Build.0 = Release|Any CPU
		{5AABC4DA-645D-41F2-BDC4-399F138B3A02}.Release|Any CPU.Deploy.0 = Release|Any CPU
		{5AABC4DA-645D-41F2-BDC4-399F138B3A02}.Release|iPhone.ActiveCfg = Release|Any CPU
		{5AABC4DA-645D-41F2-BDC4-399F138B3A02}.Release|iPhone.Build.0 = Release|Any CPU
		{5AABC4DA-645D-41F2-BDC4-399F138B3A02}.Release|iPhone.Deploy.0 = Release|Any CPU
		{5AABC4DA-645D-41F2-BDC4-399F138B3A02}.Release|iPhoneSimulator.ActiveCfg = Release|Any CPU
		{5AABC4DA-645D-41F2-BDC4-399F138B3A02}.Release|iPhoneSimulator.Build.0 = Release|Any CPU
		{5AABC4DA-645D-41F2-BDC4-399F138B3A02}.Release|iPhoneSimulator.Deploy.0 = Release|Any CPU
		{D1EFB840-5125-4C4B-9F51-C902CFF662C8}.Debug|Any CPU.ActiveCfg = Debug|iPhone
		{D1EFB840-5125-4C4B-9F51-C902CFF662C8}.Debug|iPhone.ActiveCfg = Debug|iPhone
		{D1EFB840-5125-4C4B-9F51-C902CFF662C8}.Debug|iPhone.Build.0 = Debug|iPhone
		{D1EFB840-5125-4C4B-9F51-C902CFF662C8}.Debug|iPhoneSimulator.ActiveCfg = Debug|iPhoneSimulator
		{D1EFB840-5125-4C4B-9F51-C902CFF662C8}.Debug|iPhoneSimulator.Build.0 = Debug|iPhoneSimulator
		{D1EFB840-5125-4C4B-9F51-C902CFF662C8}.Release|Any CPU.ActiveCfg = Release|iPhone
		{D1EFB840-5125-4C4B-9F51-C902CFF662C8}.Release|iPhone.ActiveCfg = Release|iPhone
		{D1EFB840-5125-4C4B-9F51-C902CFF662C8}.Release|iPhone.Build.0 = Release|iPhone
		{D1EFB840-5125-4C4B-9F51-C902CFF662C8}.Release|iPhoneSimulator.ActiveCfg = Release|iPhoneSimulator
		{D1EFB840-5125-4C4B-9F51-C902CFF662C8}.Release|iPhoneSimulator.Build.0 = Release|iPhoneSimulator
		{10AF878E-5963-477A-9FB0-0668FC01391D}.Debug|Any CPU.ActiveCfg = Debug|Any CPU
		{10AF878E-5963-477A-9FB0-0668FC01391D}.Debug|Any CPU.Build.0 = Debug|Any CPU
		{10AF878E-5963-477A-9FB0-0668FC01391D}.Debug|iPhone.ActiveCfg = Debug|Any CPU
		{10AF878E-5963-477A-9FB0-0668FC01391D}.Debug|iPhone.Build.0 = Debug|Any CPU
		{10AF878E-5963-477A-9FB0-0668FC01391D}.Debug|iPhoneSimulator.ActiveCfg = Debug|Any CPU
		{10AF878E-5963-477A-9FB0-0668FC01391D}.Debug|iPhoneSimulator.Build.0 = Debug|Any CPU
		{10AF878E-5963-477A-9FB0-0668FC01391D}.Release|Any CPU.ActiveCfg = Release|Any CPU
		{10AF878E-5963-477A-9FB0-0668FC01391D}.Release|Any CPU.Build.0 = Release|Any CPU
		{10AF878E-5963-477A-9FB0-0668FC01391D}.Release|iPhone.ActiveCfg = Release|Any CPU
		{10AF878E-5963-477A-9FB0-0668FC01391D}.Release|iPhone.Build.0 = Release|Any CPU
		{10AF878E-5963-477A-9FB0-0668FC01391D}.Release|iPhoneSimulator.ActiveCfg = Release|Any CPU
		{10AF878E-5963-477A-9FB0-0668FC01391D}.Release|iPhoneSimulator.Build.0 = Release|Any CPU
	EndGlobalSection
	GlobalSection(SolutionProperties) = preSolution
		HideSolutionNode = FALSE
	EndGlobalSection
	GlobalSection(ExtensibilityGlobals) = postSolution
		SolutionGuid = {97BD96FA-E535-40C9-9C60-93C9AA57A005}
	EndGlobalSection
EndGlobal
