
Microsoft Visual Studio Solution File, Format Version 12.00
# Visual Studio Version 16
VisualStudioVersion = 16.0.29613.14
MinimumVisualStudioVersion = 10.0.40219.1
Project("{9A19103F-16F7-4668-BE54-9A1E7A4F7556}") = "FluencyMathLib", "FluencyMathLib\FluencyMathLib.csproj", "{623422C9-6FFC-4A56-968E-E43DC383829E}"
EndProject
Project("{9A19103F-16F7-4668-BE54-9A1E7A4F7556}") = "FluencyMathTests", "FluencyMathTests\FluencyMathTests.csproj", "{C1906B9B-8817-4F0B-BCFE-6C1EB8CA48B0}"
EndProject
Project("{9A19103F-16F7-4668-BE54-9A1E7A4F7556}") = "FluencyMath", "FluencyMath\FluencyMath.csproj", "{A2B68903-4E16-459C-B829-E0FBA824961E}"
EndProject
Project("{FAE04EC0-301F-11D3-BF4B-00C04F79EFBC}") = "FluencyMathConsole", "FluencyMathConsole\FluencyMathConsole.csproj", "{FF281CBD-BDA8-4375-9957-9BE9ECCEFBD0}"
EndProject
Global
	GlobalSection(SolutionConfigurationPlatforms) = preSolution
		Debug|Any CPU = Debug|Any CPU
		Release|Any CPU = Release|Any CPU
	EndGlobalSection
	GlobalSection(ProjectConfigurationPlatforms) = postSolution
		{623422C9-6FFC-4A56-968E-E43DC383829E}.Debug|Any CPU.ActiveCfg = Debug|Any CPU
		{623422C9-6FFC-4A56-968E-E43DC383829E}.Debug|Any CPU.Build.0 = Debug|Any CPU
		{623422C9-6FFC-4A56-968E-E43DC383829E}.Release|Any CPU.ActiveCfg = Release|Any CPU
		{623422C9-6FFC-4A56-968E-E43DC383829E}.Release|Any CPU.Build.0 = Release|Any CPU
		{C1906B9B-8817-4F0B-BCFE-6C1EB8CA48B0}.Debug|Any CPU.ActiveCfg = Debug|Any CPU
		{C1906B9B-8817-4F0B-BCFE-6C1EB8CA48B0}.Debug|Any CPU.Build.0 = Debug|Any CPU
		{C1906B9B-8817-4F0B-BCFE-6C1EB8CA48B0}.Release|Any CPU.ActiveCfg = Release|Any CPU
		{C1906B9B-8817-4F0B-BCFE-6C1EB8CA48B0}.Release|Any CPU.Build.0 = Release|Any CPU
		{A2B68903-4E16-459C-B829-E0FBA824961E}.Debug|Any CPU.ActiveCfg = Debug|Any CPU
		{A2B68903-4E16-459C-B829-E0FBA824961E}.Debug|Any CPU.Build.0 = Debug|Any CPU
		{A2B68903-4E16-459C-B829-E0FBA824961E}.Release|Any CPU.ActiveCfg = Release|Any CPU
		{A2B68903-4E16-459C-B829-E0FBA824961E}.Release|Any CPU.Build.0 = Release|Any CPU
		{FF281CBD-BDA8-4375-9957-9BE9ECCEFBD0}.Debug|Any CPU.ActiveCfg = Debug|Any CPU
		{FF281CBD-BDA8-4375-9957-9BE9ECCEFBD0}.Debug|Any CPU.Build.0 = Debug|Any CPU
		{FF281CBD-BDA8-4375-9957-9BE9ECCEFBD0}.Release|Any CPU.ActiveCfg = Release|Any CPU
		{FF281CBD-BDA8-4375-9957-9BE9ECCEFBD0}.Release|Any CPU.Build.0 = Release|Any CPU
	EndGlobalSection
	GlobalSection(SolutionProperties) = preSolution
		HideSolutionNode = FALSE
	EndGlobalSection
	GlobalSection(ExtensibilityGlobals) = postSolution
		SolutionGuid = {97BD96FA-E535-40C9-9C60-93C9AA57A005}
	EndGlobalSection
EndGlobal
